
Microsoft Visual Studio Solution File, Format Version 12.00
# Visual Studio Version 17
VisualStudioVersion = 17.14.36401.2 d17.14
MinimumVisualStudioVersion = 10.0.40219.1
Project("{FAE04EC0-301F-11D3-BF4B-00C04F79EFBC}") = "LinqRetrievalLab.", "..\LinqRetrievalLab\LinqRetrievalLab\LinqRetrievalLab..csproj", "{AE38CECC-76AC-4F31-A6CC-90CF69177901}"
EndProject
Global
	GlobalSection(SolutionConfigurationPlatforms) = preSolution
		Debug|Any CPU = Debug|Any CPU
		Release|Any CPU = Release|Any CPU
	EndGlobalSection
	GlobalSection(ProjectConfigurationPlatforms) = postSolution
		{AE38CECC-76AC-4F31-A6CC-90CF69177901}.Debug|Any CPU.ActiveCfg = Debug|Any CPU
		{AE38CECC-76AC-4F31-A6CC-90CF69177901}.Debug|Any CPU.Build.0 = Debug|Any CPU
		{AE38CECC-76AC-4F31-A6CC-90CF69177901}.Release|Any CPU.ActiveCfg = Release|Any CPU
		{AE38CECC-76AC-4F31-A6CC-90CF69177901}.Release|Any CPU.Build.0 = Release|Any CPU
	EndGlobalSection
	GlobalSection(SolutionProperties) = preSolution
		HideSolutionNode = FALSE
	EndGlobalSection
	GlobalSection(ExtensibilityGlobals) = postSolution
		SolutionGuid = {90DEE302-CB3A-45A9-9B1A-B38FBBFC09BD}
	EndGlobalSection
EndGlobal
